
Microsoft Visual Studio Solution File, Format Version 12.00
# Visual Studio Version 16
VisualStudioVersion = 16.0.29609.76
MinimumVisualStudioVersion = 10.0.40219.1
Project("{FAE04EC0-301F-11D3-BF4B-00C04F79EFBC}") = "WpfApp2", "WpfApp2\WpfApp2.csproj", "{DC984AED-89D0-4985-A301-3DCA7E2CC658}"
EndProject
Project("{FAE04EC0-301F-11D3-BF4B-00C04F79EFBC}") = "WpfApp3", "WpfApp3\WpfApp3.csproj", "{17558D84-0E60-4A43-A3F4-D3D816A06B7D}"
EndProject
Project("{FAE04EC0-301F-11D3-BF4B-00C04F79EFBC}") = "NUnitTestProject1", "NUnitTestProject1\NUnitTestProject1.csproj", "{B8C7C33D-F07C-478B-B640-78131A564C2B}"
EndProject
Global
	GlobalSection(SolutionConfigurationPlatforms) = preSolution
		Debug|Any CPU = Debug|Any CPU
		Release|Any CPU = Release|Any CPU
	EndGlobalSection
	GlobalSection(ProjectConfigurationPlatforms) = postSolution
		{DC984AED-89D0-4985-A301-3DCA7E2CC658}.Debug|Any CPU.ActiveCfg = Debug|Any CPU
		{DC984AED-89D0-4985-A301-3DCA7E2CC658}.Debug|Any CPU.Build.0 = Debug|Any CPU
		{DC984AED-89D0-4985-A301-3DCA7E2CC658}.Release|Any CPU.ActiveCfg = Release|Any CPU
		{DC984AED-89D0-4985-A301-3DCA7E2CC658}.Release|Any CPU.Build.0 = Release|Any CPU
		{17558D84-0E60-4A43-A3F4-D3D816A06B7D}.Debug|Any CPU.ActiveCfg = Debug|Any CPU
		{17558D84-0E60-4A43-A3F4-D3D816A06B7D}.Debug|Any CPU.Build.0 = Debug|Any CPU
		{17558D84-0E60-4A43-A3F4-D3D816A06B7D}.Release|Any CPU.ActiveCfg = Release|Any CPU
		{17558D84-0E60-4A43-A3F4-D3D816A06B7D}.Release|Any CPU.Build.0 = Release|Any CPU
		{B8C7C33D-F07C-478B-B640-78131A564C2B}.Debug|Any CPU.ActiveCfg = Debug|Any CPU
		{B8C7C33D-F07C-478B-B640-78131A564C2B}.Debug|Any CPU.Build.0 = Debug|Any CPU
		{B8C7C33D-F07C-478B-B640-78131A564C2B}.Release|Any CPU.ActiveCfg = Release|Any CPU
		{B8C7C33D-F07C-478B-B640-78131A564C2B}.Release|Any CPU.Build.0 = Release|Any CPU
	EndGlobalSection
	GlobalSection(SolutionProperties) = preSolution
		HideSolutionNode = FALSE
	EndGlobalSection
	GlobalSection(ExtensibilityGlobals) = postSolution
		SolutionGuid = {9BD7FDB0-F45C-4B17-9EB1-1A5F75B12335}
	EndGlobalSection
EndGlobal
